// !$*UTF8*$!
{
	archiveVersion = 1;
	classes = {
	};
	objectVersion = 48;
	objects = {

/* Begin PBXBuildFile section */
		1219888BFEA71225408E5D89 /* Pods_DemoCoreData.framework in Frameworks */ = {isa = PBXBuildFile; fileRef = 8078FA4D9FCE5C00A2125AD5 /* Pods_DemoCoreData.framework */; };
		4FA5B9D320BBBF1A00ADDEE4 /* Category.swift in Sources */ = {isa = PBXBuildFile; fileRef = 4FA5B9D220BBBF1A00ADDEE4 /* Category.swift */; };
		4FA5B9D520BBBF2D00ADDEE4 /* Item.swift in Sources */ = {isa = PBXBuildFile; fileRef = 4FA5B9D420BBBF2D00ADDEE4 /* Item.swift */; };
		4FABC9AA20B813DB0037B6FF /* CategoryViewController.swift in Sources */ = {isa = PBXBuildFile; fileRef = 4FABC9A920B813DB0037B6FF /* CategoryViewController.swift */; };
		4FCD2F8F20B6936E00BF994A /* AppDelegate.swift in Sources */ = {isa = PBXBuildFile; fileRef = 4FCD2F8E20B6936E00BF994A /* AppDelegate.swift */; };
		4FCD2F9120B6936E00BF994A /* TodoListViewController.swift in Sources */ = {isa = PBXBuildFile; fileRef = 4FCD2F9020B6936E00BF994A /* TodoListViewController.swift */; };
		4FCD2F9420B6936E00BF994A /* Main.storyboard in Resources */ = {isa = PBXBuildFile; fileRef = 4FCD2F9220B6936E00BF994A /* Main.storyboard */; };
		4FCD2F9920B6936E00BF994A /* Assets.xcassets in Resources */ = {isa = PBXBuildFile; fileRef = 4FCD2F9820B6936E00BF994A /* Assets.xcassets */; };
		4FCD2F9C20B6936E00BF994A /* LaunchScreen.storyboard in Resources */ = {isa = PBXBuildFile; fileRef = 4FCD2F9A20B6936E00BF994A /* LaunchScreen.storyboard */; };
/* End PBXBuildFile section */

/* Begin PBXFileReference section */
		4FA5B9D220BBBF1A00ADDEE4 /* Category.swift */ = {isa = PBXFileReference; lastKnownFileType = sourcecode.swift; path = Category.swift; sourceTree = "<group>"; };
		4FA5B9D420BBBF2D00ADDEE4 /* Item.swift */ = {isa = PBXFileReference; lastKnownFileType = sourcecode.swift; path = Item.swift; sourceTree = "<group>"; };
		4FABC9A920B813DB0037B6FF /* CategoryViewController.swift */ = {isa = PBXFileReference; lastKnownFileType = sourcecode.swift; path = CategoryViewController.swift; sourceTree = "<group>"; };
		4FCD2F8B20B6936E00BF994A /* DemoCoreData.app */ = {isa = PBXFileReference; explicitFileType = wrapper.application; includeInIndex = 0; path = DemoCoreData.app; sourceTree = BUILT_PRODUCTS_DIR; };
		4FCD2F8E20B6936E00BF994A /* AppDelegate.swift */ = {isa = PBXFileReference; lastKnownFileType = sourcecode.swift; path = AppDelegate.swift; sourceTree = "<group>"; };
		4FCD2F9020B6936E00BF994A /* TodoListViewController.swift */ = {isa = PBXFileReference; lastKnownFileType = sourcecode.swift; path = TodoListViewController.swift; sourceTree = "<group>"; };
		4FCD2F9320B6936E00BF994A /* Base */ = {isa = PBXFileReference; lastKnownFileType = file.storyboard; name = Base; path = Base.lproj/Main.storyboard; sourceTree = "<group>"; };
		4FCD2F9820B6936E00BF994A /* Assets.xcassets */ = {isa = PBXFileReference; lastKnownFileType = folder.assetcatalog; path = Assets.xcassets; sourceTree = "<group>"; };
		4FCD2F9B20B6936E00BF994A /* Base */ = {isa = PBXFileReference; lastKnownFileType = file.storyboard; name = Base; path = Base.lproj/LaunchScreen.storyboard; sourceTree = "<group>"; };
		4FCD2F9D20B6936E00BF994A /* Info.plist */ = {isa = PBXFileReference; lastKnownFileType = text.plist.xml; path = Info.plist; sourceTree = "<group>"; };
		8078FA4D9FCE5C00A2125AD5 /* Pods_DemoCoreData.framework */ = {isa = PBXFileReference; explicitFileType = wrapper.framework; includeInIndex = 0; path = Pods_DemoCoreData.framework; sourceTree = BUILT_PRODUCTS_DIR; };
		900C27B3D845A9BD1783DBAB /* Pods-DemoCoreData.release.xcconfig */ = {isa = PBXFileReference; includeInIndex = 1; lastKnownFileType = text.xcconfig; name = "Pods-DemoCoreData.release.xcconfig"; path = "Pods/Target Support Files/Pods-DemoCoreData/Pods-DemoCoreData.release.xcconfig"; sourceTree = "<group>"; };
		98021BEB2E5A8BA9ECE4CB49 /* Pods-DemoCoreData.debug.xcconfig */ = {isa = PBXFileReference; includeInIndex = 1; lastKnownFileType = text.xcconfig; name = "Pods-DemoCoreData.debug.xcconfig"; path = "Pods/Target Support Files/Pods-DemoCoreData/Pods-DemoCoreData.debug.xcconfig"; sourceTree = "<group>"; };
/* End PBXFileReference section */

/* Begin PBXFrameworksBuildPhase section */
		4FCD2F8820B6936E00BF994A /* Frameworks */ = {
			isa = PBXFrameworksBuildPhase;
			buildActionMask = 2147483647;
			files = (
				1219888BFEA71225408E5D89 /* Pods_DemoCoreData.framework in Frameworks */,
			);
			runOnlyForDeploymentPostprocessing = 0;
		};
/* End PBXFrameworksBuildPhase section */

/* Begin PBXGroup section */
		2114468E26C718D019561BA9 /* Frameworks */ = {
			isa = PBXGroup;
			children = (
				8078FA4D9FCE5C00A2125AD5 /* Pods_DemoCoreData.framework */,
			);
			name = Frameworks;
			sourceTree = "<group>";
		};
		4FCD2F8220B6936E00BF994A = {
			isa = PBXGroup;
			children = (
				4FCD2F8D20B6936E00BF994A /* DemoCoreData */,
				4FCD2F8C20B6936E00BF994A /* Products */,
				D4D1B67A138CD2F78B123B74 /* Pods */,
				2114468E26C718D019561BA9 /* Frameworks */,
			);
			sourceTree = "<group>";
		};
		4FCD2F8C20B6936E00BF994A /* Products */ = {
			isa = PBXGroup;
			children = (
				4FCD2F8B20B6936E00BF994A /* DemoCoreData.app */,
			);
			name = Products;
			sourceTree = "<group>";
		};
		4FCD2F8D20B6936E00BF994A /* DemoCoreData */ = {
			isa = PBXGroup;
			children = (
				4FCD2FA420B6D04C00BF994A /* HelperClasses */,
				4FCD2FA620B6D16C00BF994A /* Controllers */,
				4FCD2FA520B6D14600BF994A /* Views */,
				4FCD2FA320B6D03000BF994A /* Data Models */,
				4FCD2F9820B6936E00BF994A /* Assets.xcassets */,
				4FCD2F9D20B6936E00BF994A /* Info.plist */,
			);
			path = DemoCoreData;
			sourceTree = "<group>";
		};
		4FCD2FA320B6D03000BF994A /* Data Models */ = {
			isa = PBXGroup;
			children = (
				4FA5B9D220BBBF1A00ADDEE4 /* Category.swift */,
				4FA5B9D420BBBF2D00ADDEE4 /* Item.swift */,
			);
			path = "Data Models";
			sourceTree = "<group>";
		};
		4FCD2FA420B6D04C00BF994A /* HelperClasses */ = {
			isa = PBXGroup;
			children = (
				4FCD2F8E20B6936E00BF994A /* AppDelegate.swift */,
			);
			path = HelperClasses;
			sourceTree = "<group>";
		};
		4FCD2FA520B6D14600BF994A /* Views */ = {
			isa = PBXGroup;
			children = (
				4FCD2F9220B6936E00BF994A /* Main.storyboard */,
				4FCD2F9A20B6936E00BF994A /* LaunchScreen.storyboard */,
			);
			path = Views;
			sourceTree = "<group>";
		};
		4FCD2FA620B6D16C00BF994A /* Controllers */ = {
			isa = PBXGroup;
			children = (
				4FABC9A920B813DB0037B6FF /* CategoryViewController.swift */,
				4FCD2F9020B6936E00BF994A /* TodoListViewController.swift */,
			);
			path = Controllers;
			sourceTree = "<group>";
		};
		D4D1B67A138CD2F78B123B74 /* Pods */ = {
			isa = PBXGroup;
			children = (
				98021BEB2E5A8BA9ECE4CB49 /* Pods-DemoCoreData.debug.xcconfig */,
				900C27B3D845A9BD1783DBAB /* Pods-DemoCoreData.release.xcconfig */,
			);
			name = Pods;
			sourceTree = "<group>";
		};
/* End PBXGroup section */

/* Begin PBXNativeTarget section */
		4FCD2F8A20B6936E00BF994A /* DemoCoreData */ = {
			isa = PBXNativeTarget;
			buildConfigurationList = 4FCD2FA020B6936E00BF994A /* Build configuration list for PBXNativeTarget "DemoCoreData" */;
			buildPhases = (
				3FE19FEC8CB176F1E9E14B69 /* [CP] Check Pods Manifest.lock */,
				4FCD2F8720B6936E00BF994A /* Sources */,
				4FCD2F8820B6936E00BF994A /* Frameworks */,
				4FCD2F8920B6936E00BF994A /* Resources */,
				88942AF6EDB9BEA94DFB443F /* [CP] Embed Pods Frameworks */,
				B741FA40AEDE357060777F8D /* [CP] Copy Pods Resources */,
			);
			buildRules = (
			);
			dependencies = (
			);
			name = DemoCoreData;
			productName = DemoCoreData;
			productReference = 4FCD2F8B20B6936E00BF994A /* DemoCoreData.app */;
			productType = "com.apple.product-type.application";
		};
/* End PBXNativeTarget section */

/* Begin PBXProject section */
		4FCD2F8320B6936E00BF994A /* Project object */ = {
			isa = PBXProject;
			attributes = {
				LastSwiftUpdateCheck = 0920;
				LastUpgradeCheck = 0920;
				ORGANIZATIONNAME = Callsoft;
				TargetAttributes = {
					4FCD2F8A20B6936E00BF994A = {
						CreatedOnToolsVersion = 9.2;
						ProvisioningStyle = Automatic;
					};
				};
			};
			buildConfigurationList = 4FCD2F8620B6936E00BF994A /* Build configuration list for PBXProject "DemoCoreData" */;
			compatibilityVersion = "Xcode 8.0";
			developmentRegion = en;
			hasScannedForEncodings = 0;
			knownRegions = (
				en,
				Base,
			);
			mainGroup = 4FCD2F8220B6936E00BF994A;
			productRefGroup = 4FCD2F8C20B6936E00BF994A /* Products */;
			projectDirPath = "";
			projectRoot = "";
			targets = (
				4FCD2F8A20B6936E00BF994A /* DemoCoreData */,
			);
		};
/* End PBXProject section */

/* Begin PBXResourcesBuildPhase section */
		4FCD2F8920B6936E00BF994A /* Resources */ = {
			isa = PBXResourcesBuildPhase;
			buildActionMask = 2147483647;
			files = (
				4FCD2F9C20B6936E00BF994A /* LaunchScreen.storyboard in Resources */,
				4FCD2F9920B6936E00BF994A /* Assets.xcassets in Resources */,
				4FCD2F9420B6936E00BF994A /* Main.storyboard in Resources */,
			);
			runOnlyForDeploymentPostprocessing = 0;
		};
/* End PBXResourcesBuildPhase section */

/* Begin PBXShellScriptBuildPhase section */
		3FE19FEC8CB176F1E9E14B69 /* [CP] Check Pods Manifest.lock */ = {
			isa = PBXShellScriptBuildPhase;
			buildActionMask = 2147483647;
			files = (
			);
			inputPaths = (
				"${PODS_PODFILE_DIR_PATH}/Podfile.lock",
				"${PODS_ROOT}/Manifest.lock",
			);
			name = "[CP] Check Pods Manifest.lock";
			outputPaths = (
				"$(DERIVED_FILE_DIR)/Pods-DemoCoreData-checkManifestLockResult.txt",
			);
			runOnlyForDeploymentPostprocessing = 0;
			shellPath = /bin/sh;
			shellScript = "diff \"${PODS_PODFILE_DIR_PATH}/Podfile.lock\" \"${PODS_ROOT}/Manifest.lock\" > /dev/null\nif [ $? != 0 ] ; then\n    # print error to STDERR\n    echo \"error: The sandbox is not in sync with the Podfile.lock. Run 'pod install' or update your CocoaPods installation.\" >&2\n    exit 1\nfi\n# This output is used by Xcode 'outputs' to avoid re-running this script phase.\necho \"SUCCESS\" > \"${SCRIPT_OUTPUT_FILE_0}\"\n";
			showEnvVarsInLog = 0;
		};
		88942AF6EDB9BEA94DFB443F /* [CP] Embed Pods Frameworks */ = {
			isa = PBXShellScriptBuildPhase;
			buildActionMask = 2147483647;
			files = (
			);
			inputPaths = (
				"${SRCROOT}/Pods/Target Support Files/Pods-DemoCoreData/Pods-DemoCoreData-frameworks.sh",
				"${BUILT_PRODUCTS_DIR}/Realm/Realm.framework",
				"${BUILT_PRODUCTS_DIR}/RealmSwift/RealmSwift.framework",
			);
			name = "[CP] Embed Pods Frameworks";
			outputPaths = (
				"${TARGET_BUILD_DIR}/${FRAMEWORKS_FOLDER_PATH}/Realm.framework",
				"${TARGET_BUILD_DIR}/${FRAMEWORKS_FOLDER_PATH}/RealmSwift.framework",
			);
			runOnlyForDeploymentPostprocessing = 0;
			shellPath = /bin/sh;
			shellScript = "\"${SRCROOT}/Pods/Target Support Files/Pods-DemoCoreData/Pods-DemoCoreData-frameworks.sh\"\n";
			showEnvVarsInLog = 0;
		};
		B741FA40AEDE357060777F8D /* [CP] Copy Pods Resources */ = {
			isa = PBXShellScriptBuildPhase;
			buildActionMask = 2147483647;
			files = (
			);
			inputPaths = (
			);
			name = "[CP] Copy Pods Resources";
			outputPaths = (
			);
			runOnlyForDeploymentPostprocessing = 0;
			shellPath = /bin/sh;
			shellScript = "\"${SRCROOT}/Pods/Target Support Files/Pods-DemoCoreData/Pods-DemoCoreData-resources.sh\"\n";
			showEnvVarsInLog = 0;
		};
/* End PBXShellScriptBuildPhase section */

/* Begin PBXSourcesBuildPhase section */
		4FCD2F8720B6936E00BF994A /* Sources */ = {
			isa = PBXSourcesBuildPhase;
			buildActionMask = 2147483647;
			files = (
				4FABC9AA20B813DB0037B6FF /* CategoryViewController.swift in Sources */,
				4FA5B9D320BBBF1A00ADDEE4 /* Category.swift in Sources */,
				4FCD2F9120B6936E00BF994A /* TodoListViewController.swift in Sources */,
				4FA5B9D520BBBF2D00ADDEE4 /* Item.swift in Sources */,
				4FCD2F8F20B6936E00BF994A /* AppDelegate.swift in Sources */,
			);
			runOnlyForDeploymentPostprocessing = 0;
		};
/* End PBXSourcesBuildPhase section */

/* Begin PBXVariantGroup section */
		4FCD2F9220B6936E00BF994A /* Main.storyboard */ = {
			isa = PBXVariantGroup;
			children = (
				4FCD2F9320B6936E00BF994A /* Base */,
			);
			name = Main.storyboard;
			sourceTree = "<group>";
		};
		4FCD2F9A20B6936E00BF994A /* LaunchScreen.storyboard */ = {
			isa = PBXVariantGroup;
			children = (
				4FCD2F9B20B6936E00BF994A /* Base */,
			);
			name = LaunchScreen.storyboard;
			sourceTree = "<group>";
		};
/* End PBXVariantGroup section */

/* Begin XCBuildConfiguration section */
		4FCD2F9E20B6936E00BF994A /* Debug */ = {
			isa = XCBuildConfiguration;
			buildSettings = {
				ALWAYS_SEARCH_USER_PATHS = NO;
				CLANG_ANALYZER_NONNULL = YES;
				CLANG_ANALYZER_NUMBER_OBJECT_CONVERSION = YES_AGGRESSIVE;
				CLANG_CXX_LANGUAGE_STANDARD = "gnu++14";
				CLANG_CXX_LIBRARY = "libc++";
				CLANG_ENABLE_MODULES = YES;
				CLANG_ENABLE_OBJC_ARC = YES;
				CLANG_WARN_BLOCK_CAPTURE_AUTORELEASING = YES;
				CLANG_WARN_BOOL_CONVERSION = YES;
				CLANG_WARN_COMMA = YES;
				CLANG_WARN_CONSTANT_CONVERSION = YES;
				CLANG_WARN_DIRECT_OBJC_ISA_USAGE = YES_ERROR;
				CLANG_WARN_DOCUMENTATION_COMMENTS = YES;
				CLANG_WARN_EMPTY_BODY = YES;
				CLANG_WARN_ENUM_CONVERSION = YES;
				CLANG_WARN_INFINITE_RECURSION = YES;
				CLANG_WARN_INT_CONVERSION = YES;
				CLANG_WARN_NON_LITERAL_NULL_CONVERSION = YES;
				CLANG_WARN_OBJC_LITERAL_CONVERSION = YES;
				CLANG_WARN_OBJC_ROOT_CLASS = YES_ERROR;
				CLANG_WARN_RANGE_LOOP_ANALYSIS = YES;
				CLANG_WARN_STRICT_PROTOTYPES = YES;
				CLANG_WARN_SUSPICIOUS_MOVE = YES;
				CLANG_WARN_UNGUARDED_AVAILABILITY = YES_AGGRESSIVE;
				CLANG_WARN_UNREACHABLE_CODE = YES;
				CLANG_WARN__DUPLICATE_METHOD_MATCH = YES;
				CODE_SIGN_IDENTITY = "iPhone Developer";
				COPY_PHASE_STRIP = NO;
				DEBUG_INFORMATION_FORMAT = dwarf;
				ENABLE_STRICT_OBJC_MSGSEND = YES;
				ENABLE_TESTABILITY = YES;
				GCC_C_LANGUAGE_STANDARD = gnu11;
				GCC_DYNAMIC_NO_PIC = NO;
				GCC_NO_COMMON_BLOCKS = YES;
				GCC_OPTIMIZATION_LEVEL = 0;
				GCC_PREPROCESSOR_DEFINITIONS = (
					"DEBUG=1",
					"$(inherited)",
				);
				GCC_WARN_64_TO_32_BIT_CONVERSION = YES;
				GCC_WARN_ABOUT_RETURN_TYPE = YES_ERROR;
				GCC_WARN_UNDECLARED_SELECTOR = YES;
				GCC_WARN_UNINITIALIZED_AUTOS = YES_AGGRESSIVE;
				GCC_WARN_UNUSED_FUNCTION = YES;
				GCC_WARN_UNUSED_VARIABLE = YES;
				IPHONEOS_DEPLOYMENT_TARGET = 11.2;
				MTL_ENABLE_DEBUG_INFO = YES;
				ONLY_ACTIVE_ARCH = YES;
				SDKROOT = iphoneos;
				SWIFT_ACTIVE_COMPILATION_CONDITIONS = DEBUG;
				SWIFT_OPTIMIZATION_LEVEL = "-Onone";
			};
			name = Debug;
		};
		4FCD2F9F20B6936E00BF994A /* Release */ = {
			isa = XCBuildConfiguration;
			buildSettings = {
				ALWAYS_SEARCH_USER_PATHS = NO;
				CLANG_ANALYZER_NONNULL = YES;
				CLANG_ANALYZER_NUMBER_OBJECT_CONVERSION = YES_AGGRESSIVE;
				CLANG_CXX_LANGUAGE_STANDARD = "gnu++14";
				CLANG_CXX_LIBRARY = "libc++";
				CLANG_ENABLE_MODULES = YES;
				CLANG_ENABLE_OBJC_ARC = YES;
				CLANG_WARN_BLOCK_CAPTURE_AUTORELEASING = YES;
				CLANG_WARN_BOOL_CONVERSION = YES;
				CLANG_WARN_COMMA = YES;
				CLANG_WARN_CONSTANT_CONVERSION = YES;
				CLANG_WARN_DIRECT_OBJC_ISA_USAGE = YES_ERROR;
				CLANG_WARN_DOCUMENTATION_COMMENTS = YES;
				CLANG_WARN_EMPTY_BODY = YES;
				CLANG_WARN_ENUM_CONVERSION = YES;
				CLANG_WARN_INFINITE_RECURSION = YES;
				CLANG_WARN_INT_CONVERSION = YES;
				CLANG_WARN_NON_LITERAL_NULL_CONVERSION = YES;
				CLANG_WARN_OBJC_LITERAL_CONVERSION = YES;
				CLANG_WARN_OBJC_ROOT_CLASS = YES_ERROR;
				CLANG_WARN_RANGE_LOOP_ANALYSIS = YES;
				CLANG_WARN_STRICT_PROTOTYPES = YES;
				CLANG_WARN_SUSPICIOUS_MOVE = YES;
				CLANG_WARN_UNGUARDED_AVAILABILITY = YES_AGGRESSIVE;
				CLANG_WARN_UNREACHABLE_CODE = YES;
				CLANG_WARN__DUPLICATE_METHOD_MATCH = YES;
				CODE_SIGN_IDENTITY = "iPhone Developer";
				COPY_PHASE_STRIP = NO;
				DEBUG_INFORMATION_FORMAT = "dwarf-with-dsym";
				ENABLE_NS_ASSERTIONS = NO;
				ENABLE_STRICT_OBJC_MSGSEND = YES;
				GCC_C_LANGUAGE_STANDARD = gnu11;
				GCC_NO_COMMON_BLOCKS = YES;
				GCC_WARN_64_TO_32_BIT_CONVERSION = YES;
				GCC_WARN_ABOUT_RETURN_TYPE = YES_ERROR;
				GCC_WARN_UNDECLARED_SELECTOR = YES;
				GCC_WARN_UNINITIALIZED_AUTOS = YES_AGGRESSIVE;
				GCC_WARN_UNUSED_FUNCTION = YES;
				GCC_WARN_UNUSED_VARIABLE = YES;
				IPHONEOS_DEPLOYMENT_TARGET = 11.2;
				MTL_ENABLE_DEBUG_INFO = NO;
				SDKROOT = iphoneos;
				SWIFT_OPTIMIZATION_LEVEL = "-Owholemodule";
				VALIDATE_PRODUCT = YES;
			};
			name = Release;
		};
		4FCD2FA120B6936E00BF994A /* Debug */ = {
			isa = XCBuildConfiguration;
			baseConfigurationReference = 98021BEB2E5A8BA9ECE4CB49 /* Pods-DemoCoreData.debug.xcconfig */;
			buildSettings = {
				ASSETCATALOG_COMPILER_APPICON_NAME = AppIcon;
				CODE_SIGN_STYLE = Automatic;
				INFOPLIST_FILE = DemoCoreData/Info.plist;
				LD_RUNPATH_SEARCH_PATHS = "$(inherited) @executable_path/Frameworks";
				PRODUCT_BUNDLE_IDENTIFIER = com.mobulous.DemoCoreData;
				PRODUCT_NAME = "$(TARGET_NAME)";
				SWIFT_VERSION = 4.0;
				TARGETED_DEVICE_FAMILY = "1,2";
			};
			name = Debug;
		};
		4FCD2FA220B6936E00BF994A /* Release */ = {
			isa = XCBuildConfiguration;
			baseConfigurationReference = 900C27B3D845A9BD1783DBAB /* Pods-DemoCoreData.release.xcconfig */;
			buildSettings = {
				ASSETCATALOG_COMPILER_APPICON_NAME = AppIcon;
				CODE_SIGN_STYLE = Automatic;
				INFOPLIST_FILE = DemoCoreData/Info.plist;
				LD_RUNPATH_SEARCH_PATHS = "$(inherited) @executable_path/Frameworks";
				PRODUCT_BUNDLE_IDENTIFIER = com.mobulous.DemoCoreData;
				PRODUCT_NAME = "$(TARGET_NAME)";
				SWIFT_VERSION = 4.0;
				TARGETED_DEVICE_FAMILY = "1,2";
			};
			name = Release;
		};
/* End XCBuildConfiguration section */

/* Begin XCConfigurationList section */
		4FCD2F8620B6936E00BF994A /* Build configuration list for PBXProject "DemoCoreData" */ = {
			isa = XCConfigurationList;
			buildConfigurations = (
				4FCD2F9E20B6936E00BF994A /* Debug */,
				4FCD2F9F20B6936E00BF994A /* Release */,
			);
			defaultConfigurationIsVisible = 0;
			defaultConfigurationName = Release;
		};
		4FCD2FA020B6936E00BF994A /* Build configuration list for PBXNativeTarget "DemoCoreData" */ = {
			isa = XCConfigurationList;
			buildConfigurations = (
				4FCD2FA120B6936E00BF994A /* Debug */,
				4FCD2FA220B6936E00BF994A /* Release */,
			);
			defaultConfigurationIsVisible = 0;
			defaultConfigurationName = Release;
		};
/* End XCConfigurationList section */
	};
	rootObject = 4FCD2F8320B6936E00BF994A /* Project object */;
}
